
Microsoft Visual Studio Solution File, Format Version 12.00
# Visual Studio Version 16
VisualStudioVersion = 16.0.31105.61
MinimumVisualStudioVersion = 10.0.40219.1
Project("{FAE04EC0-301F-11D3-BF4B-00C04F79EFBC}") = "DRP Everything", "DRP Everything\DRP Everything.csproj", "{5D708975-08C8-46E8-AD04-86322310AD4A}"
EndProject
Global
	GlobalSection(SolutionConfigurationPlatforms) = preSolution
		Debug|Any CPU = Debug|Any CPU
		Release|Any CPU = Release|Any CPU
	EndGlobalSection
	GlobalSection(ProjectConfigurationPlatforms) = postSolution
		{5D708975-08C8-46E8-AD04-86322310AD4A}.Debug|Any CPU.ActiveCfg = Debug|Any CPU
		{5D708975-08C8-46E8-AD04-86322310AD4A}.Debug|Any CPU.Build.0 = Debug|Any CPU
		{5D708975-08C8-46E8-AD04-86322310AD4A}.Release|Any CPU.ActiveCfg = Release|Any CPU
		{5D708975-08C8-46E8-AD04-86322310AD4A}.Release|Any CPU.Build.0 = Release|Any CPU
	EndGlobalSection
	GlobalSection(SolutionProperties) = preSolution
		HideSolutionNode = FALSE
	EndGlobalSection
	GlobalSection(ExtensibilityGlobals) = postSolution
		SolutionGuid = {B1BB615F-DE64-471F-A4A6-D9A0122BCBA3}
	EndGlobalSection
EndGlobal
